
Microsoft Visual Studio Solution File, Format Version 12.00
# Visual Studio 15
VisualStudioVersion = 15.0.27130.2027
MinimumVisualStudioVersion = 10.0.40219.1
Project("{FAE04EC0-301F-11D3-BF4B-00C04F79EFBC}") = "ProjectMgnt", "ProjectMgnt\ProjectMgnt.csproj", "{085BBEDA-31CB-453F-8B92-C84EC4BB1F3C}"
EndProject
Global
	GlobalSection(SolutionConfigurationPlatforms) = preSolution
		Debug|Any CPU = Debug|Any CPU
		Release|Any CPU = Release|Any CPU
	EndGlobalSection
	GlobalSection(ProjectConfigurationPlatforms) = postSolution
		{085BBEDA-31CB-453F-8B92-C84EC4BB1F3C}.Debug|Any CPU.ActiveCfg = Debug|Any CPU
		{085BBEDA-31CB-453F-8B92-C84EC4BB1F3C}.Debug|Any CPU.Build.0 = Debug|Any CPU
		{085BBEDA-31CB-453F-8B92-C84EC4BB1F3C}.Release|Any CPU.ActiveCfg = Release|Any CPU
		{085BBEDA-31CB-453F-8B92-C84EC4BB1F3C}.Release|Any CPU.Build.0 = Release|Any CPU
	EndGlobalSection
	GlobalSection(SolutionProperties) = preSolution
		HideSolutionNode = FALSE
	EndGlobalSection
	GlobalSection(ExtensibilityGlobals) = postSolution
		SolutionGuid = {816C5053-CC87-456E-A8D7-68B9206804F8}
	EndGlobalSection
EndGlobal
