
Microsoft Visual Studio Solution File, Format Version 12.00
# Visual Studio 15
VisualStudioVersion = 15.0.27130.2027
MinimumVisualStudioVersion = 10.0.40219.1
Project("{FAE04EC0-301F-11D3-BF4B-00C04F79EFBC}") = "Tests", "Tests\Tests.csproj", "{EADD55AC-6A4F-468C-BB25-E523256834C3}"
EndProject
Project("{FAE04EC0-301F-11D3-BF4B-00C04F79EFBC}") = "TestingCA", "TestingCA\TestingCA.csproj", "{E260BC5F-E87F-4BC3-BE7F-2109732EEA5F}"
EndProject
Global
	GlobalSection(SolutionConfigurationPlatforms) = preSolution
		Debug|Any CPU = Debug|Any CPU
		Release|Any CPU = Release|Any CPU
	EndGlobalSection
	GlobalSection(ProjectConfigurationPlatforms) = postSolution
		{EADD55AC-6A4F-468C-BB25-E523256834C3}.Debug|Any CPU.ActiveCfg = Debug|Any CPU
		{EADD55AC-6A4F-468C-BB25-E523256834C3}.Debug|Any CPU.Build.0 = Debug|Any CPU
		{EADD55AC-6A4F-468C-BB25-E523256834C3}.Release|Any CPU.ActiveCfg = Release|Any CPU
		{EADD55AC-6A4F-468C-BB25-E523256834C3}.Release|Any CPU.Build.0 = Release|Any CPU
		{E260BC5F-E87F-4BC3-BE7F-2109732EEA5F}.Debug|Any CPU.ActiveCfg = Debug|Any CPU
		{E260BC5F-E87F-4BC3-BE7F-2109732EEA5F}.Debug|Any CPU.Build.0 = Debug|Any CPU
		{E260BC5F-E87F-4BC3-BE7F-2109732EEA5F}.Release|Any CPU.ActiveCfg = Release|Any CPU
		{E260BC5F-E87F-4BC3-BE7F-2109732EEA5F}.Release|Any CPU.Build.0 = Release|Any CPU
	EndGlobalSection
	GlobalSection(SolutionProperties) = preSolution
		HideSolutionNode = FALSE
	EndGlobalSection
	GlobalSection(ExtensibilityGlobals) = postSolution
		SolutionGuid = {816C5053-CC87-456E-A8D7-68B9206804F8}
	EndGlobalSection
EndGlobal
